// !$*UTF8*$!
{
	archiveVersion = 1;
	classes = {
	};
	objectVersion = 77;
	objects = {

/* Begin PBXBuildFile section */
		0B8655E3FBAA969EFF02573F /* ChecklistTests.swift in Sources */ = {isa = PBXBuildFile; fileRef = 5A34FB8D3BD6E17C71B38977 /* ChecklistTests.swift */; };
		1C05D6A9B6B762E291A9B63F /* PlanFixture.swift in Sources */ = {isa = PBXBuildFile; fileRef = 8C7A5720D8ABC5C79074E63E /* PlanFixture.swift */; };
		2218EAB8FD416396A8DC2121 /* Checklist.swift in Sources */ = {isa = PBXBuildFile; fileRef = 5184F39605FDDE491A601C4F /* Checklist.swift */; };
		23FDA59225C5D1E7ECED62EE /* PlanSchedule.swift in Sources */ = {isa = PBXBuildFile; fileRef = 11896246B4D70D78303F0A8C /* PlanSchedule.swift */; };
		42AF2DF8EC4566CE4A70FF92 /* PlanFixtureTests.swift in Sources */ = {isa = PBXBuildFile; fileRef = 85107FCC3644F81E4093173F /* PlanFixtureTests.swift */; };
		45FE5CA07F67B2403FAC46F0 /* HundredDayPlan.swift in Sources */ = {isa = PBXBuildFile; fileRef = 24FAAAA8B4791B0068E160AA /* HundredDayPlan.swift */; };
		46D4CBABEC40F041CFFCB1B8 /* PlanScheduleTests.swift in Sources */ = {isa = PBXBuildFile; fileRef = DC30EF144B626E6AFD83F6DB /* PlanScheduleTests.swift */; };
		4BC6E87ECAE5BAE16EFEB804 /* CheckRecordStore.swift in Sources */ = {isa = PBXBuildFile; fileRef = 610271E394CF17454C320848 /* CheckRecordStore.swift */; };
		4F15FA16D131C442ECE007E9 /* JSONFileStoreTests.swift in Sources */ = {isa = PBXBuildFile; fileRef = FA0AC9D80F852E05E767A2D8 /* JSONFileStoreTests.swift */; };
		52E2611ACA5332FED0F35153 /* PlanSchedule.swift in Sources */ = {isa = PBXBuildFile; fileRef = 11896246B4D70D78303F0A8C /* PlanSchedule.swift */; };
		5DD3BA0DAC5A096BD88387DD /* LocalDate.swift in Sources */ = {isa = PBXBuildFile; fileRef = 2BF10D6BA3847637941DBFE3 /* LocalDate.swift */; };
		6FC5AB3FF7390559C0911FBC /* SkinAndBonesApp.swift in Sources */ = {isa = PBXBuildFile; fileRef = 340FD52F8B8B9E787B7A820D /* SkinAndBonesApp.swift */; };
		7E242AC7792378989E234483 /* HundredDayPlan.swift in Sources */ = {isa = PBXBuildFile; fileRef = 24FAAAA8B4791B0068E160AA /* HundredDayPlan.swift */; };
		86109898166FCC5E59DF5930 /* CheckRecordStore.swift in Sources */ = {isa = PBXBuildFile; fileRef = 610271E394CF17454C320848 /* CheckRecordStore.swift */; };
		924D30B8B983CF0DF46D9EED /* TodayModel.swift in Sources */ = {isa = PBXBuildFile; fileRef = 924BBBDF8EB24466A93804A6 /* TodayModel.swift */; };
		93CFE36437E5DE2EACD197EE /* HundredDayPlanTests.swift in Sources */ = {isa = PBXBuildFile; fileRef = 06C0031F07A4F9050771AC16 /* HundredDayPlanTests.swift */; };
		95CAC532A8D43293EB1096C5 /* CheckRecordsTests.swift in Sources */ = {isa = PBXBuildFile; fileRef = CCD268B9F46FDC8DD618D145 /* CheckRecordsTests.swift */; };
		A286819F1281BA7B3AA86AB0 /* plan-fixture.json in Resources */ = {isa = PBXBuildFile; fileRef = 0D85D9EA9C8B9B004EA31E8B /* plan-fixture.json */; };
		A69199908F343F50C5D62792 /* Checklist.swift in Sources */ = {isa = PBXBuildFile; fileRef = 5184F39605FDDE491A601C4F /* Checklist.swift */; };
		A81E8600DEE35FE649911BEE /* TodayModelTests.swift in Sources */ = {isa = PBXBuildFile; fileRef = F41A9C6AEBC72C1645D9F265 /* TodayModelTests.swift */; };
		AC9FFDF8D93B1BF1EC0C9318 /* CheckRecords.swift in Sources */ = {isa = PBXBuildFile; fileRef = 87C5F749503FD8535684CB84 /* CheckRecords.swift */; };
		B4ACF04A444030EFD2C4FFC6 /* DailyProgress.swift in Sources */ = {isa = PBXBuildFile; fileRef = F4FA2599DEFBA8A7CCC58EB1 /* DailyProgress.swift */; };
		C6A576C166D45ACD4C52EE8A /* CheckRecords.swift in Sources */ = {isa = PBXBuildFile; fileRef = 87C5F749503FD8535684CB84 /* CheckRecords.swift */; };
		D0C9CFF098162BD1C2A01458 /* DailyProgress.swift in Sources */ = {isa = PBXBuildFile; fileRef = F4FA2599DEFBA8A7CCC58EB1 /* DailyProgress.swift */; };
		DEEA1CD06305CDFD131D5D94 /* TestSupport.swift in Sources */ = {isa = PBXBuildFile; fileRef = F03B063AC9E7A2401EA335CD /* TestSupport.swift */; };
		E31B6446FE06A33E4B53BABD /* DailyProgressTests.swift in Sources */ = {isa = PBXBuildFile; fileRef = 50DE6C3D346D19E5D27B1B35 /* DailyProgressTests.swift */; };
		E8163B3D7C12E11959BCE48C /* TodayModel.swift in Sources */ = {isa = PBXBuildFile; fileRef = 924BBBDF8EB24466A93804A6 /* TodayModel.swift */; };
		E8E7B4CA91BAB629A6ABF4E2 /* LocalDate.swift in Sources */ = {isa = PBXBuildFile; fileRef = 2BF10D6BA3847637941DBFE3 /* LocalDate.swift */; };
		F77E401A7F2FA95C3749A49B /* LocalDateTests.swift in Sources */ = {isa = PBXBuildFile; fileRef = 4C5D419B67C9150F6402931D /* LocalDateTests.swift */; };
/* End PBXBuildFile section */

/* Begin PBXFileReference section */
		06C0031F07A4F9050771AC16 /* HundredDayPlanTests.swift */ = {isa = PBXFileReference; lastKnownFileType = sourcecode.swift; path = HundredDayPlanTests.swift; sourceTree = "<group>"; };
		0D85D9EA9C8B9B004EA31E8B /* plan-fixture.json */ = {isa = PBXFileReference; lastKnownFileType = text.json; path = "plan-fixture.json"; sourceTree = "<group>"; };
		11896246B4D70D78303F0A8C /* PlanSchedule.swift */ = {isa = PBXFileReference; lastKnownFileType = sourcecode.swift; path = PlanSchedule.swift; sourceTree = "<group>"; };
		24FAAAA8B4791B0068E160AA /* HundredDayPlan.swift */ = {isa = PBXFileReference; lastKnownFileType = sourcecode.swift; path = HundredDayPlan.swift; sourceTree = "<group>"; };
		2BF10D6BA3847637941DBFE3 /* LocalDate.swift */ = {isa = PBXFileReference; lastKnownFileType = sourcecode.swift; path = LocalDate.swift; sourceTree = "<group>"; };
		3179985D4CDE17AE647F827E /* SkinAndBonesTests.xctest */ = {isa = PBXFileReference; explicitFileType = wrapper.cfbundle; includeInIndex = 0; path = SkinAndBonesTests.xctest; sourceTree = BUILT_PRODUCTS_DIR; };
		340FD52F8B8B9E787B7A820D /* SkinAndBonesApp.swift */ = {isa = PBXFileReference; lastKnownFileType = sourcecode.swift; path = SkinAndBonesApp.swift; sourceTree = "<group>"; };
		4C5D419B67C9150F6402931D /* LocalDateTests.swift */ = {isa = PBXFileReference; lastKnownFileType = sourcecode.swift; path = LocalDateTests.swift; sourceTree = "<group>"; };
		50DE6C3D346D19E5D27B1B35 /* DailyProgressTests.swift */ = {isa = PBXFileReference; lastKnownFileType = sourcecode.swift; path = DailyProgressTests.swift; sourceTree = "<group>"; };
		5184F39605FDDE491A601C4F /* Checklist.swift */ = {isa = PBXFileReference; lastKnownFileType = sourcecode.swift; path = Checklist.swift; sourceTree = "<group>"; };
		5A34FB8D3BD6E17C71B38977 /* ChecklistTests.swift */ = {isa = PBXFileReference; lastKnownFileType = sourcecode.swift; path = ChecklistTests.swift; sourceTree = "<group>"; };
		610271E394CF17454C320848 /* CheckRecordStore.swift */ = {isa = PBXFileReference; lastKnownFileType = sourcecode.swift; path = CheckRecordStore.swift; sourceTree = "<group>"; };
		85107FCC3644F81E4093173F /* PlanFixtureTests.swift */ = {isa = PBXFileReference; lastKnownFileType = sourcecode.swift; path = PlanFixtureTests.swift; sourceTree = "<group>"; };
		87C5F749503FD8535684CB84 /* CheckRecords.swift */ = {isa = PBXFileReference; lastKnownFileType = sourcecode.swift; path = CheckRecords.swift; sourceTree = "<group>"; };
		8C7A5720D8ABC5C79074E63E /* PlanFixture.swift */ = {isa = PBXFileReference; lastKnownFileType = sourcecode.swift; path = PlanFixture.swift; sourceTree = "<group>"; };
		924BBBDF8EB24466A93804A6 /* TodayModel.swift */ = {isa = PBXFileReference; lastKnownFileType = sourcecode.swift; path = TodayModel.swift; sourceTree = "<group>"; };
		BE956BD00EE959EA1CE13628 /* SkinAndBones.app */ = {isa = PBXFileReference; explicitFileType = wrapper.application; includeInIndex = 0; path = SkinAndBones.app; sourceTree = BUILT_PRODUCTS_DIR; };
		CCD268B9F46FDC8DD618D145 /* CheckRecordsTests.swift */ = {isa = PBXFileReference; lastKnownFileType = sourcecode.swift; path = CheckRecordsTests.swift; sourceTree = "<group>"; };
		DC30EF144B626E6AFD83F6DB /* PlanScheduleTests.swift */ = {isa = PBXFileReference; lastKnownFileType = sourcecode.swift; path = PlanScheduleTests.swift; sourceTree = "<group>"; };
		F03B063AC9E7A2401EA335CD /* TestSupport.swift */ = {isa = PBXFileReference; lastKnownFileType = sourcecode.swift; path = TestSupport.swift; sourceTree = "<group>"; };
		F41A9C6AEBC72C1645D9F265 /* TodayModelTests.swift */ = {isa = PBXFileReference; lastKnownFileType = sourcecode.swift; path = TodayModelTests.swift; sourceTree = "<group>"; };
		F4FA2599DEFBA8A7CCC58EB1 /* DailyProgress.swift */ = {isa = PBXFileReference; lastKnownFileType = sourcecode.swift; path = DailyProgress.swift; sourceTree = "<group>"; };
		FA0AC9D80F852E05E767A2D8 /* JSONFileStoreTests.swift */ = {isa = PBXFileReference; lastKnownFileType = sourcecode.swift; path = JSONFileStoreTests.swift; sourceTree = "<group>"; };
/* End PBXFileReference section */

/* Begin PBXGroup section */
		14A1E9CD3634912F4C4C3E9A /* SkinAndBonesTests */ = {
			isa = PBXGroup;
			children = (
				5A34FB8D3BD6E17C71B38977 /* ChecklistTests.swift */,
				CCD268B9F46FDC8DD618D145 /* CheckRecordsTests.swift */,
				50DE6C3D346D19E5D27B1B35 /* DailyProgressTests.swift */,
				06C0031F07A4F9050771AC16 /* HundredDayPlanTests.swift */,
				FA0AC9D80F852E05E767A2D8 /* JSONFileStoreTests.swift */,
				4C5D419B67C9150F6402931D /* LocalDateTests.swift */,
				8C7A5720D8ABC5C79074E63E /* PlanFixture.swift */,
				85107FCC3644F81E4093173F /* PlanFixtureTests.swift */,
				DC30EF144B626E6AFD83F6DB /* PlanScheduleTests.swift */,
				F03B063AC9E7A2401EA335CD /* TestSupport.swift */,
				F41A9C6AEBC72C1645D9F265 /* TodayModelTests.swift */,
				27FF2D7D9DECBFCF1CBED320 /* Fixtures */,
			);
			path = SkinAndBonesTests;
			sourceTree = "<group>";
		};
		27FF2D7D9DECBFCF1CBED320 /* Fixtures */ = {
			isa = PBXGroup;
			children = (
				0D85D9EA9C8B9B004EA31E8B /* plan-fixture.json */,
			);
			path = Fixtures;
			sourceTree = "<group>";
		};
		52ECB41319D7151232270DC2 /* Products */ = {
			isa = PBXGroup;
			children = (
				BE956BD00EE959EA1CE13628 /* SkinAndBones.app */,
				3179985D4CDE17AE647F827E /* SkinAndBonesTests.xctest */,
			);
			name = Products;
			sourceTree = "<group>";
		};
		55936798538C34E2569A886E /* SkinAndBones */ = {
			isa = PBXGroup;
			children = (
				340FD52F8B8B9E787B7A820D /* SkinAndBonesApp.swift */,
			);
			path = SkinAndBones;
			sourceTree = "<group>";
		};
		AFD16FBCD5CC78BC3F8EC390 /* SkinAndBonesCore */ = {
			isa = PBXGroup;
			children = (
				5184F39605FDDE491A601C4F /* Checklist.swift */,
				87C5F749503FD8535684CB84 /* CheckRecords.swift */,
				610271E394CF17454C320848 /* CheckRecordStore.swift */,
				F4FA2599DEFBA8A7CCC58EB1 /* DailyProgress.swift */,
				24FAAAA8B4791B0068E160AA /* HundredDayPlan.swift */,
				2BF10D6BA3847637941DBFE3 /* LocalDate.swift */,
				11896246B4D70D78303F0A8C /* PlanSchedule.swift */,
				924BBBDF8EB24466A93804A6 /* TodayModel.swift */,
			);
			path = SkinAndBonesCore;
			sourceTree = "<group>";
		};
		FEB552752B69D5D9E10DE988 = {
			isa = PBXGroup;
			children = (
				55936798538C34E2569A886E /* SkinAndBones */,
				AFD16FBCD5CC78BC3F8EC390 /* SkinAndBonesCore */,
				14A1E9CD3634912F4C4C3E9A /* SkinAndBonesTests */,
				52ECB41319D7151232270DC2 /* Products */,
			);
			sourceTree = "<group>";
		};
/* End PBXGroup section */

/* Begin PBXNativeTarget section */
		B77BF3CF1485EB44993F282F /* SkinAndBones */ = {
			isa = PBXNativeTarget;
			buildConfigurationList = E7EEF21921F8DA012C609FBE /* Build configuration list for PBXNativeTarget "SkinAndBones" */;
			buildPhases = (
				647FE656691500E9787C4BE5 /* Sources */,
			);
			buildRules = (
			);
			dependencies = (
			);
			name = SkinAndBones;
			packageProductDependencies = (
			);
			productName = SkinAndBones;
			productReference = BE956BD00EE959EA1CE13628 /* SkinAndBones.app */;
			productType = "com.apple.product-type.application";
		};
		D192DF168943B80E9390E534 /* SkinAndBonesTests */ = {
			isa = PBXNativeTarget;
			buildConfigurationList = 8DA9468ECD2DBF9736A202D5 /* Build configuration list for PBXNativeTarget "SkinAndBonesTests" */;
			buildPhases = (
				ADA51A8F1B0264F65ECBB43E /* Sources */,
				9FC7E4B2354127EAD3EEBC26 /* Resources */,
			);
			buildRules = (
			);
			dependencies = (
			);
			name = SkinAndBonesTests;
			packageProductDependencies = (
			);
			productName = SkinAndBonesTests;
			productReference = 3179985D4CDE17AE647F827E /* SkinAndBonesTests.xctest */;
			productType = "com.apple.product-type.bundle.unit-test";
		};
/* End PBXNativeTarget section */

/* Begin PBXProject section */
		0FB1CF248919742B83F0FBB6 /* Project object */ = {
			isa = PBXProject;
			attributes = {
				BuildIndependentTargetsInParallel = YES;
				LastUpgradeCheck = 1430;
				TargetAttributes = {
					B77BF3CF1485EB44993F282F = {
						DevelopmentTeam = ARX5U6F9ZL;
						ProvisioningStyle = Automatic;
					};
					D192DF168943B80E9390E534 = {
						DevelopmentTeam = ARX5U6F9ZL;
						ProvisioningStyle = Automatic;
					};
				};
			};
			buildConfigurationList = 90C6BB3BB85AFDC2D2012E32 /* Build configuration list for PBXProject "SkinAndBones" */;
			developmentRegion = "zh-Hant";
			hasScannedForEncodings = 0;
			knownRegions = (
				Base,
				"zh-Hant",
			);
			mainGroup = FEB552752B69D5D9E10DE988;
			minimizedProjectReferenceProxies = 1;
			preferredProjectObjectVersion = 77;
			productRefGroup = 52ECB41319D7151232270DC2 /* Products */;
			projectDirPath = "";
			projectRoot = "";
			targets = (
				B77BF3CF1485EB44993F282F /* SkinAndBones */,
				D192DF168943B80E9390E534 /* SkinAndBonesTests */,
			);
		};
/* End PBXProject section */

/* Begin PBXResourcesBuildPhase section */
		9FC7E4B2354127EAD3EEBC26 /* Resources */ = {
			isa = PBXResourcesBuildPhase;
			buildActionMask = 2147483647;
			files = (
				A286819F1281BA7B3AA86AB0 /* plan-fixture.json in Resources */,
			);
			runOnlyForDeploymentPostprocessing = 0;
		};
/* End PBXResourcesBuildPhase section */

/* Begin PBXSourcesBuildPhase section */
		647FE656691500E9787C4BE5 /* Sources */ = {
			isa = PBXSourcesBuildPhase;
			buildActionMask = 2147483647;
			files = (
				86109898166FCC5E59DF5930 /* CheckRecordStore.swift in Sources */,
				AC9FFDF8D93B1BF1EC0C9318 /* CheckRecords.swift in Sources */,
				A69199908F343F50C5D62792 /* Checklist.swift in Sources */,
				B4ACF04A444030EFD2C4FFC6 /* DailyProgress.swift in Sources */,
				45FE5CA07F67B2403FAC46F0 /* HundredDayPlan.swift in Sources */,
				5DD3BA0DAC5A096BD88387DD /* LocalDate.swift in Sources */,
				52E2611ACA5332FED0F35153 /* PlanSchedule.swift in Sources */,
				6FC5AB3FF7390559C0911FBC /* SkinAndBonesApp.swift in Sources */,
				E8163B3D7C12E11959BCE48C /* TodayModel.swift in Sources */,
			);
			runOnlyForDeploymentPostprocessing = 0;
		};
		ADA51A8F1B0264F65ECBB43E /* Sources */ = {
			isa = PBXSourcesBuildPhase;
			buildActionMask = 2147483647;
			files = (
				4BC6E87ECAE5BAE16EFEB804 /* CheckRecordStore.swift in Sources */,
				C6A576C166D45ACD4C52EE8A /* CheckRecords.swift in Sources */,
				95CAC532A8D43293EB1096C5 /* CheckRecordsTests.swift in Sources */,
				2218EAB8FD416396A8DC2121 /* Checklist.swift in Sources */,
				0B8655E3FBAA969EFF02573F /* ChecklistTests.swift in Sources */,
				D0C9CFF098162BD1C2A01458 /* DailyProgress.swift in Sources */,
				E31B6446FE06A33E4B53BABD /* DailyProgressTests.swift in Sources */,
				7E242AC7792378989E234483 /* HundredDayPlan.swift in Sources */,
				93CFE36437E5DE2EACD197EE /* HundredDayPlanTests.swift in Sources */,
				4F15FA16D131C442ECE007E9 /* JSONFileStoreTests.swift in Sources */,
				E8E7B4CA91BAB629A6ABF4E2 /* LocalDate.swift in Sources */,
				F77E401A7F2FA95C3749A49B /* LocalDateTests.swift in Sources */,
				1C05D6A9B6B762E291A9B63F /* PlanFixture.swift in Sources */,
				42AF2DF8EC4566CE4A70FF92 /* PlanFixtureTests.swift in Sources */,
				23FDA59225C5D1E7ECED62EE /* PlanSchedule.swift in Sources */,
				46D4CBABEC40F041CFFCB1B8 /* PlanScheduleTests.swift in Sources */,
				DEEA1CD06305CDFD131D5D94 /* TestSupport.swift in Sources */,
				924D30B8B983CF0DF46D9EED /* TodayModel.swift in Sources */,
				A81E8600DEE35FE649911BEE /* TodayModelTests.swift in Sources */,
			);
			runOnlyForDeploymentPostprocessing = 0;
		};
/* End PBXSourcesBuildPhase section */

/* Begin XCBuildConfiguration section */
		2C160D1AFA3DB46197B49034 /* Debug */ = {
			isa = XCBuildConfiguration;
			buildSettings = {
				BUNDLE_LOADER = "$(TEST_HOST)";
				COMBINE_HIDPI_IMAGES = YES;
				GENERATE_INFOPLIST_FILE = YES;
				LD_RUNPATH_SEARCH_PATHS = (
					"$(inherited)",
					"@executable_path/../Frameworks",
					"@loader_path/../Frameworks",
				);
				PRODUCT_BUNDLE_IDENTIFIER = com.lazzymerlin.SkinAndBonesTests;
				SDKROOT = macosx;
			};
			name = Debug;
		};
		6B622A089C05D91FE066594C /* Debug */ = {
			isa = XCBuildConfiguration;
			buildSettings = {
				ALWAYS_SEARCH_USER_PATHS = NO;
				CLANG_ANALYZER_NONNULL = YES;
				CLANG_ANALYZER_NUMBER_OBJECT_CONVERSION = YES_AGGRESSIVE;
				CLANG_CXX_LANGUAGE_STANDARD = "gnu++14";
				CLANG_CXX_LIBRARY = "libc++";
				CLANG_ENABLE_MODULES = YES;
				CLANG_ENABLE_OBJC_ARC = YES;
				CLANG_ENABLE_OBJC_WEAK = YES;
				CLANG_WARN_BLOCK_CAPTURE_AUTORELEASING = YES;
				CLANG_WARN_BOOL_CONVERSION = YES;
				CLANG_WARN_COMMA = YES;
				CLANG_WARN_CONSTANT_CONVERSION = YES;
				CLANG_WARN_DEPRECATED_OBJC_IMPLEMENTATIONS = YES;
				CLANG_WARN_DIRECT_OBJC_ISA_USAGE = YES_ERROR;
				CLANG_WARN_DOCUMENTATION_COMMENTS = YES;
				CLANG_WARN_EMPTY_BODY = YES;
				CLANG_WARN_ENUM_CONVERSION = YES;
				CLANG_WARN_INFINITE_RECURSION = YES;
				CLANG_WARN_INT_CONVERSION = YES;
				CLANG_WARN_NON_LITERAL_NULL_CONVERSION = YES;
				CLANG_WARN_OBJC_IMPLICIT_RETAIN_SELF = YES;
				CLANG_WARN_OBJC_LITERAL_CONVERSION = YES;
				CLANG_WARN_OBJC_ROOT_CLASS = YES_ERROR;
				CLANG_WARN_QUOTED_INCLUDE_IN_FRAMEWORK_HEADER = YES;
				CLANG_WARN_RANGE_LOOP_ANALYSIS = YES;
				CLANG_WARN_STRICT_PROTOTYPES = YES;
				CLANG_WARN_SUSPICIOUS_MOVE = YES;
				CLANG_WARN_UNGUARDED_AVAILABILITY = YES_AGGRESSIVE;
				CLANG_WARN_UNREACHABLE_CODE = YES;
				CLANG_WARN__DUPLICATE_METHOD_MATCH = YES;
				CODE_SIGN_STYLE = Automatic;
				COPY_PHASE_STRIP = NO;
				CURRENT_PROJECT_VERSION = 1;
				DEBUG_INFORMATION_FORMAT = dwarf;
				DEVELOPMENT_TEAM = ARX5U6F9ZL;
				ENABLE_STRICT_OBJC_MSGSEND = YES;
				ENABLE_TESTABILITY = YES;
				GCC_C_LANGUAGE_STANDARD = gnu11;
				GCC_DYNAMIC_NO_PIC = NO;
				GCC_NO_COMMON_BLOCKS = YES;
				GCC_OPTIMIZATION_LEVEL = 0;
				GCC_PREPROCESSOR_DEFINITIONS = (
					"$(inherited)",
					"DEBUG=1",
				);
				GCC_WARN_64_TO_32_BIT_CONVERSION = YES;
				GCC_WARN_ABOUT_RETURN_TYPE = YES_ERROR;
				GCC_WARN_UNDECLARED_SELECTOR = YES;
				GCC_WARN_UNINITIALIZED_AUTOS = YES_AGGRESSIVE;
				GCC_WARN_UNUSED_FUNCTION = YES;
				GCC_WARN_UNUSED_VARIABLE = YES;
				MACOSX_DEPLOYMENT_TARGET = 26.0;
				MARKETING_VERSION = 1.0;
				MTL_ENABLE_DEBUG_INFO = INCLUDE_SOURCE;
				MTL_FAST_MATH = YES;
				ONLY_ACTIVE_ARCH = YES;
				PRODUCT_NAME = "$(TARGET_NAME)";
				SDKROOT = macosx;
				SWIFT_ACTIVE_COMPILATION_CONDITIONS = DEBUG;
				SWIFT_OPTIMIZATION_LEVEL = "-Onone";
				SWIFT_VERSION = 5.0;
			};
			name = Debug;
		};
		D6B810DBF2082AAA56F879D5 /* Release */ = {
			isa = XCBuildConfiguration;
			buildSettings = {
				ASSETCATALOG_COMPILER_APPICON_NAME = AppIcon;
				COMBINE_HIDPI_IMAGES = YES;
				ENABLE_HARDENED_RUNTIME = YES;
				GENERATE_INFOPLIST_FILE = YES;
				INFOPLIST_KEY_CFBundleDisplayName = "100 天減脂";
				INFOPLIST_KEY_LSApplicationCategoryType = "public.app-category.healthcare-fitness";
				INFOPLIST_KEY_LSUIElement = YES;
				LD_RUNPATH_SEARCH_PATHS = (
					"$(inherited)",
					"@executable_path/../Frameworks",
				);
				PRODUCT_BUNDLE_IDENTIFIER = com.lazzymerlin.SkinAndBones;
				SDKROOT = macosx;
			};
			name = Release;
		};
		DFF48FC64A3B4EDE6FA754D1 /* Debug */ = {
			isa = XCBuildConfiguration;
			buildSettings = {
				ASSETCATALOG_COMPILER_APPICON_NAME = AppIcon;
				COMBINE_HIDPI_IMAGES = YES;
				ENABLE_HARDENED_RUNTIME = YES;
				GENERATE_INFOPLIST_FILE = YES;
				INFOPLIST_KEY_CFBundleDisplayName = "100 天減脂";
				INFOPLIST_KEY_LSApplicationCategoryType = "public.app-category.healthcare-fitness";
				INFOPLIST_KEY_LSUIElement = YES;
				LD_RUNPATH_SEARCH_PATHS = (
					"$(inherited)",
					"@executable_path/../Frameworks",
				);
				PRODUCT_BUNDLE_IDENTIFIER = com.lazzymerlin.SkinAndBones;
				SDKROOT = macosx;
			};
			name = Debug;
		};
		FBB05B0DDD893DE58B1CCF06 /* Release */ = {
			isa = XCBuildConfiguration;
			buildSettings = {
				ALWAYS_SEARCH_USER_PATHS = NO;
				CLANG_ANALYZER_NONNULL = YES;
				CLANG_ANALYZER_NUMBER_OBJECT_CONVERSION = YES_AGGRESSIVE;
				CLANG_CXX_LANGUAGE_STANDARD = "gnu++14";
				CLANG_CXX_LIBRARY = "libc++";
				CLANG_ENABLE_MODULES = YES;
				CLANG_ENABLE_OBJC_ARC = YES;
				CLANG_ENABLE_OBJC_WEAK = YES;
				CLANG_WARN_BLOCK_CAPTURE_AUTORELEASING = YES;
				CLANG_WARN_BOOL_CONVERSION = YES;
				CLANG_WARN_COMMA = YES;
				CLANG_WARN_CONSTANT_CONVERSION = YES;
				CLANG_WARN_DEPRECATED_OBJC_IMPLEMENTATIONS = YES;
				CLANG_WARN_DIRECT_OBJC_ISA_USAGE = YES_ERROR;
				CLANG_WARN_DOCUMENTATION_COMMENTS = YES;
				CLANG_WARN_EMPTY_BODY = YES;
				CLANG_WARN_ENUM_CONVERSION = YES;
				CLANG_WARN_INFINITE_RECURSION = YES;
				CLANG_WARN_INT_CONVERSION = YES;
				CLANG_WARN_NON_LITERAL_NULL_CONVERSION = YES;
				CLANG_WARN_OBJC_IMPLICIT_RETAIN_SELF = YES;
				CLANG_WARN_OBJC_LITERAL_CONVERSION = YES;
				CLANG_WARN_OBJC_ROOT_CLASS = YES_ERROR;
				CLANG_WARN_QUOTED_INCLUDE_IN_FRAMEWORK_HEADER = YES;
				CLANG_WARN_RANGE_LOOP_ANALYSIS = YES;
				CLANG_WARN_STRICT_PROTOTYPES = YES;
				CLANG_WARN_SUSPICIOUS_MOVE = YES;
				CLANG_WARN_UNGUARDED_AVAILABILITY = YES_AGGRESSIVE;
				CLANG_WARN_UNREACHABLE_CODE = YES;
				CLANG_WARN__DUPLICATE_METHOD_MATCH = YES;
				CODE_SIGN_STYLE = Automatic;
				COPY_PHASE_STRIP = NO;
				CURRENT_PROJECT_VERSION = 1;
				DEBUG_INFORMATION_FORMAT = "dwarf-with-dsym";
				DEVELOPMENT_TEAM = ARX5U6F9ZL;
				ENABLE_NS_ASSERTIONS = NO;
				ENABLE_STRICT_OBJC_MSGSEND = YES;
				GCC_C_LANGUAGE_STANDARD = gnu11;
				GCC_NO_COMMON_BLOCKS = YES;
				GCC_WARN_64_TO_32_BIT_CONVERSION = YES;
				GCC_WARN_ABOUT_RETURN_TYPE = YES_ERROR;
				GCC_WARN_UNDECLARED_SELECTOR = YES;
				GCC_WARN_UNINITIALIZED_AUTOS = YES_AGGRESSIVE;
				GCC_WARN_UNUSED_FUNCTION = YES;
				GCC_WARN_UNUSED_VARIABLE = YES;
				MACOSX_DEPLOYMENT_TARGET = 26.0;
				MARKETING_VERSION = 1.0;
				MTL_ENABLE_DEBUG_INFO = NO;
				MTL_FAST_MATH = YES;
				PRODUCT_NAME = "$(TARGET_NAME)";
				SDKROOT = macosx;
				SWIFT_COMPILATION_MODE = wholemodule;
				SWIFT_OPTIMIZATION_LEVEL = "-O";
				SWIFT_VERSION = 5.0;
			};
			name = Release;
		};
		FE2A2CB758DE1C962777504D /* Release */ = {
			isa = XCBuildConfiguration;
			buildSettings = {
				BUNDLE_LOADER = "$(TEST_HOST)";
				COMBINE_HIDPI_IMAGES = YES;
				GENERATE_INFOPLIST_FILE = YES;
				LD_RUNPATH_SEARCH_PATHS = (
					"$(inherited)",
					"@executable_path/../Frameworks",
					"@loader_path/../Frameworks",
				);
				PRODUCT_BUNDLE_IDENTIFIER = com.lazzymerlin.SkinAndBonesTests;
				SDKROOT = macosx;
			};
			name = Release;
		};
/* End XCBuildConfiguration section */

/* Begin XCConfigurationList section */
		8DA9468ECD2DBF9736A202D5 /* Build configuration list for PBXNativeTarget "SkinAndBonesTests" */ = {
			isa = XCConfigurationList;
			buildConfigurations = (
				2C160D1AFA3DB46197B49034 /* Debug */,
				FE2A2CB758DE1C962777504D /* Release */,
			);
			defaultConfigurationIsVisible = 0;
			defaultConfigurationName = Debug;
		};
		90C6BB3BB85AFDC2D2012E32 /* Build configuration list for PBXProject "SkinAndBones" */ = {
			isa = XCConfigurationList;
			buildConfigurations = (
				6B622A089C05D91FE066594C /* Debug */,
				FBB05B0DDD893DE58B1CCF06 /* Release */,
			);
			defaultConfigurationIsVisible = 0;
			defaultConfigurationName = Debug;
		};
		E7EEF21921F8DA012C609FBE /* Build configuration list for PBXNativeTarget "SkinAndBones" */ = {
			isa = XCConfigurationList;
			buildConfigurations = (
				DFF48FC64A3B4EDE6FA754D1 /* Debug */,
				D6B810DBF2082AAA56F879D5 /* Release */,
			);
			defaultConfigurationIsVisible = 0;
			defaultConfigurationName = Debug;
		};
/* End XCConfigurationList section */
	};
	rootObject = 0FB1CF248919742B83F0FBB6 /* Project object */;
}
